lockfileVersion: '6.0'

settings:
  autoInstallPeers: true
  excludeLinksFromLockfile: false

dependencies:
  class-validator:
    specifier: ^0.14.0
    version: 0.14.0

packages:

  /@types/validator@13.11.5:
    resolution: {integrity: sha512-xW4qsT4UIYILu+7ZrBnfQdBYniZrMLYYK3wN9M/NdeIHgBN5pZI2/8Q7UfdWIcr5RLJv/OGENsx91JIpUUoC7Q==}
    dev: false

  /class-validator@0.14.0:
    resolution: {integrity: sha512-ct3ltplN8I9fOwUd8GrP8UQixwff129BkEtuWDKL5W45cQuLd19xqmTLu5ge78YDm/fdje6FMt0hGOhl0lii3A==}
    dependencies:
      '@types/validator': 13.11.5
      libphonenumber-js: 1.10.48
      validator: 13.11.0
    dev: false

  /libphonenumber-js@1.10.48:
    resolution: {integrity: sha512-Vvcgt4+o8+puIBJZLdMshPYx9nRN3/kTT7HPtOyfYrSQuN9PGBF1KUv0g07fjNzt4E4GuA7FnsLb+WeAMzyRQg==}
    dev: false

  /validator@13.11.0:
    resolution: {integrity: sha512-Ii+sehpSfZy+At5nPdnyMhx78fEoPDkR2XW/zimHEL3MyGJQOCQ7WeP20jPYRz7ZCpcKLB21NxuXHF3bxjStBQ==}
    engines: {node: '>= 0.10'}
    dev: false
